
Microsoft Visual Studio Solution File, Format Version 11.00
# Visual C# Express 2010
Project("{FAE04EC0-301F-11D3-BF4B-00C04F79EFBC}") = "TeamQ", "TeamQ.csproj", "{E144D98D-33CD-42F2-9AF9-358C3A1A4469}"
	ProjectSection(ProjectDependencies) = postProject
		{0A850700-1ABB-4288-A391-6726B90EBEB9} = {0A850700-1ABB-4288-A391-6726B90EBEB9}
	EndProjectSection
EndProject
Project("{FAE04EC0-301F-11D3-BF4B-00C04F79EFBC}") = "TeamQContent", "TeamQContent\TeamQContent.contentproj", "{B4137D84-9787-4A7E-9A56-72349C2CC119}"
EndProject
Project("{FAE04EC0-301F-11D3-BF4B-00C04F79EFBC}") = "Farseer Physics 3.0 XNA", "vendor\farseer\Farseer Physics 3.0 XNA.csproj", "{0A850700-1ABB-4288-A391-6726B90EBEB9}"
EndProject
Global
	GlobalSection(SolutionConfigurationPlatforms) = preSolution
		Debug|x86 = Debug|x86
		Release|x86 = Release|x86
	EndGlobalSection
	GlobalSection(ProjectConfigurationPlatforms) = postSolution
		{E144D98D-33CD-42F2-9AF9-358C3A1A4469}.Debug|x86.ActiveCfg = Debug|x86
		{E144D98D-33CD-42F2-9AF9-358C3A1A4469}.Debug|x86.Build.0 = Debug|x86
		{E144D98D-33CD-42F2-9AF9-358C3A1A4469}.Release|x86.ActiveCfg = Release|x86
		{E144D98D-33CD-42F2-9AF9-358C3A1A4469}.Release|x86.Build.0 = Release|x86
		{B4137D84-9787-4A7E-9A56-72349C2CC119}.Debug|x86.ActiveCfg = Debug|x86
		{B4137D84-9787-4A7E-9A56-72349C2CC119}.Release|x86.ActiveCfg = Release|x86
		{0A850700-1ABB-4288-A391-6726B90EBEB9}.Debug|x86.ActiveCfg = Debug|x86
		{0A850700-1ABB-4288-A391-6726B90EBEB9}.Debug|x86.Build.0 = Debug|x86
		{0A850700-1ABB-4288-A391-6726B90EBEB9}.Release|x86.ActiveCfg = Release|x86
		{0A850700-1ABB-4288-A391-6726B90EBEB9}.Release|x86.Build.0 = Release|x86
	EndGlobalSection
	GlobalSection(SolutionProperties) = preSolution
		HideSolutionNode = FALSE
	EndGlobalSection
EndGlobal
