
Microsoft Visual Studio Solution File, Format Version 11.00
# Visual C# Express 2010
Project("{FAE04EC0-301F-11D3-BF4B-00C04F79EFBC}") = "TeamQ", "TeamQ.csproj", "{E144D98D-33CD-42F2-9AF9-358C3A1A4469}"
	ProjectSection(ProjectDependencies) = postProject
		{0A850700-1ABB-4288-A391-6726B90EBEB9} = {0A850700-1ABB-4288-A391-6726B90EBEB9}
	EndProjectSection
EndProject
Project("{FAE04EC0-301F-11D3-BF4B-00C04F79EFBC}") = "TeamQContent", "TeamQContent\TeamQContent.contentproj", "{B4137D84-9787-4A7E-9A56-72349C2CC119}"
EndProject
Project("{FAE04EC0-301F-11D3-BF4B-00C04F79EFBC}") = "Farseer Physics 3.0 XNA", "vendor\farseer\Farseer Physics 3.0 XNA.csproj", "{0A850700-1ABB-4288-A391-6726B90EBEB9}"
EndProject
Project("{FAE04EC0-301F-11D3-BF4B-00C04F79EFBC}") = "MercuryModifier", "MercuryModifier\MercuryModifier.csproj", "{7D0769BD-6B9D-4D34-874F-9F162AFF1B93}"
EndProject
Global
	GlobalSection(SolutionConfigurationPlatforms) = preSolution
		Debug|Any CPU = Debug|Any CPU
		Debug|Mixed Platforms = Debug|Mixed Platforms
		Debug|x86 = Debug|x86
		Release|Any CPU = Release|Any CPU
		Release|Mixed Platforms = Release|Mixed Platforms
		Release|x86 = Release|x86
	EndGlobalSection
	GlobalSection(ProjectConfigurationPlatforms) = postSolution
		{E144D98D-33CD-42F2-9AF9-358C3A1A4469}.Debug|Any CPU.ActiveCfg = Debug|x86
		{E144D98D-33CD-42F2-9AF9-358C3A1A4469}.Debug|Mixed Platforms.ActiveCfg = Debug|x86
		{E144D98D-33CD-42F2-9AF9-358C3A1A4469}.Debug|Mixed Platforms.Build.0 = Debug|x86
		{E144D98D-33CD-42F2-9AF9-358C3A1A4469}.Debug|x86.ActiveCfg = Debug|x86
		{E144D98D-33CD-42F2-9AF9-358C3A1A4469}.Debug|x86.Build.0 = Debug|x86
		{E144D98D-33CD-42F2-9AF9-358C3A1A4469}.Release|Any CPU.ActiveCfg = Release|x86
		{E144D98D-33CD-42F2-9AF9-358C3A1A4469}.Release|Mixed Platforms.ActiveCfg = Release|x86
		{E144D98D-33CD-42F2-9AF9-358C3A1A4469}.Release|Mixed Platforms.Build.0 = Release|x86
		{E144D98D-33CD-42F2-9AF9-358C3A1A4469}.Release|x86.ActiveCfg = Release|x86
		{E144D98D-33CD-42F2-9AF9-358C3A1A4469}.Release|x86.Build.0 = Release|x86
		{B4137D84-9787-4A7E-9A56-72349C2CC119}.Debug|Any CPU.ActiveCfg = Debug|x86
		{B4137D84-9787-4A7E-9A56-72349C2CC119}.Debug|Mixed Platforms.ActiveCfg = Debug|x86
		{B4137D84-9787-4A7E-9A56-72349C2CC119}.Debug|x86.ActiveCfg = Debug|x86
		{B4137D84-9787-4A7E-9A56-72349C2CC119}.Release|Any CPU.ActiveCfg = Release|x86
		{B4137D84-9787-4A7E-9A56-72349C2CC119}.Release|Mixed Platforms.ActiveCfg = Release|x86
		{B4137D84-9787-4A7E-9A56-72349C2CC119}.Release|x86.ActiveCfg = Release|x86
		{0A850700-1ABB-4288-A391-6726B90EBEB9}.Debug|Any CPU.ActiveCfg = Debug|x86
		{0A850700-1ABB-4288-A391-6726B90EBEB9}.Debug|Mixed Platforms.ActiveCfg = Debug|x86
		{0A850700-1ABB-4288-A391-6726B90EBEB9}.Debug|Mixed Platforms.Build.0 = Debug|x86
		{0A850700-1ABB-4288-A391-6726B90EBEB9}.Debug|x86.ActiveCfg = Debug|x86
		{0A850700-1ABB-4288-A391-6726B90EBEB9}.Debug|x86.Build.0 = Debug|x86
		{0A850700-1ABB-4288-A391-6726B90EBEB9}.Release|Any CPU.ActiveCfg = Release|x86
		{0A850700-1ABB-4288-A391-6726B90EBEB9}.Release|Mixed Platforms.ActiveCfg = Release|x86
		{0A850700-1ABB-4288-A391-6726B90EBEB9}.Release|Mixed Platforms.Build.0 = Release|x86
		{0A850700-1ABB-4288-A391-6726B90EBEB9}.Release|x86.ActiveCfg = Release|x86
		{0A850700-1ABB-4288-A391-6726B90EBEB9}.Release|x86.Build.0 = Release|x86
		{7D0769BD-6B9D-4D34-874F-9F162AFF1B93}.Debug|Any CPU.ActiveCfg = Debug|Any CPU
		{7D0769BD-6B9D-4D34-874F-9F162AFF1B93}.Debug|Any CPU.Build.0 = Debug|Any CPU
		{7D0769BD-6B9D-4D34-874F-9F162AFF1B93}.Debug|Mixed Platforms.ActiveCfg = Debug|Any CPU
		{7D0769BD-6B9D-4D34-874F-9F162AFF1B93}.Debug|Mixed Platforms.Build.0 = Debug|Any CPU
		{7D0769BD-6B9D-4D34-874F-9F162AFF1B93}.Debug|x86.ActiveCfg = Debug|Any CPU
		{7D0769BD-6B9D-4D34-874F-9F162AFF1B93}.Release|Any CPU.ActiveCfg = Release|Any CPU
		{7D0769BD-6B9D-4D34-874F-9F162AFF1B93}.Release|Any CPU.Build.0 = Release|Any CPU
		{7D0769BD-6B9D-4D34-874F-9F162AFF1B93}.Release|Mixed Platforms.ActiveCfg = Release|Any CPU
		{7D0769BD-6B9D-4D34-874F-9F162AFF1B93}.Release|Mixed Platforms.Build.0 = Release|Any CPU
		{7D0769BD-6B9D-4D34-874F-9F162AFF1B93}.Release|x86.ActiveCfg = Release|Any CPU
	EndGlobalSection
	GlobalSection(SolutionProperties) = preSolution
		HideSolutionNode = FALSE
	EndGlobalSection
EndGlobal
